
Microsoft Visual Studio Solution File, Format Version 11.00
# Visual Studio 2010
Project("{8BC9CEB8-8B4A-11D0-8D11-00A0C91BC942}") = "CleanVS", "CleanVS\CleanVS.vcxproj", "{3A552EFE-6C18-4DD0-B939-5BE776D0AFA0}"
EndProject
Global
	GlobalSection(SolutionConfigurationPlatforms) = preSolution
		Debug|Win32 = Debug|Win32
		Release|Win32 = Release|Win32
	EndGlobalSection
	GlobalSection(ProjectConfigurationPlatforms) = postSolution
		{3A552EFE-6C18-4DD0-B939-5BE776D0AFA0}.Debug|Win32.ActiveCfg = Debug|Win32
		{3A552EFE-6C18-4DD0-B939-5BE776D0AFA0}.Debug|Win32.Build.0 = Debug|Win32
		{3A552EFE-6C18-4DD0-B939-5BE776D0AFA0}.Release|Win32.ActiveCfg = Release|Win32
		{3A552EFE-6C18-4DD0-B939-5BE776D0AFA0}.Release|Win32.Build.0 = Release|Win32
	EndGlobalSection
	GlobalSection(SolutionProperties) = preSolution
		HideSolutionNode = FALSE
	EndGlobalSection
EndGlobal
